
Microsoft Visual Studio Solution File, Format Version 12.00
# Visual Studio Version 17
VisualStudioVersion = 17.0.32112.339
MinimumVisualStudioVersion = 10.0.40219.1
Project("{2150E333-8FDC-42A3-9474-1A3956D46DE8}") = "LV1", "LV1", "{F8EE0917-C671-4645-85EC-D850A8BC6FCF}"
EndProject
Project("{8BC9CEB8-8B4A-11D0-8D11-00A0C91BC942}") = "Flip the 3-digit rule", "LV1\Flip the 3-digit rule\Flip the 3-digit rule.vcxproj", "{2BC5861C-DC7F-4385-902A-018AC1E99F6C}"
EndProject
Project("{8BC9CEB8-8B4A-11D0-8D11-00A0C91BC942}") = "Number and addition of divisor", "LV1\Number and addition of divisor\Number and addition of divisor.vcxproj", "{922C15A5-1209-483E-810E-6CC9C491A22B}"
EndProject
Project("{8BC9CEB8-8B4A-11D0-8D11-00A0C91BC942}") = "Phone Pokemon", "LV1\Phone Pokemon\Phone Pokemon.vcxproj", "{BA1E982F-5935-4EA3-AFF7-CFA75455DBF9}"
EndProject
Project("{8BC9CEB8-8B4A-11D0-8D11-00A0C91BC942}") = "mock test", "LV1\mock test\mock test.vcxproj", "{372072F9-5FBA-4C66-BA31-7C149C71D131}"
EndProject
Project("{8BC9CEB8-8B4A-11D0-8D11-00A0C91BC942}") = "Kth move", "LV1\Kth move\Kth move.vcxproj", "{1A893783-86CF-44C9-AC64-8DB109AC50EB}"
EndProject
Project("{8BC9CEB8-8B4A-11D0-8D11-00A0C91BC942}") = "A player who didn't finish the race", "LV1\A player who didn't finish the race\A player who didn't finish the race.vcxproj", "{90DDE45C-931C-4956-AD2C-B40AD5360701}"
EndProject
Project("{8BC9CEB8-8B4A-11D0-8D11-00A0C91BC942}") = "Making a prime number", "LV1\Making a prime number\Making a prime number.vcxproj", "{C5D79291-FD8E-41EC-972F-39E99AE6F11D}"
EndProject
Project("{8BC9CEB8-8B4A-11D0-8D11-00A0C91BC942}") = "Internal", "LV1\Internal\Internal.vcxproj", "{20747CE3-E14A-4369-B9D5-F1EAEB95A34E}"
EndProject
Project("{2150E333-8FDC-42A3-9474-1A3956D46DE8}") = "LV2", "LV2", "{86255815-BD94-4168-838C-0EF562D02837}"
EndProject
Project("{2150E333-8FDC-42A3-9474-1A3956D46DE8}") = "LV3", "LV3", "{D8F5CD29-BA54-4C7F-8C68-97E4A6400AD4}"
EndProject
Project("{8BC9CEB8-8B4A-11D0-8D11-00A0C91BC942}") = "The minimum multiple of N", "LV2\The minimum multiple of N\The minimum multiple of N.vcxproj", "{F60C29E5-8D3E-4509-B8CC-B6BA0E159AB2}"
EndProject
Project("{8BC9CEB8-8B4A-11D0-8D11-00A0C91BC942}") = "Add digits", "LV1\Add digits\Add digits.vcxproj", "{3BCA713B-4CDB-421D-AF6C-848D29475DDB}"
EndProject
Project("{8BC9CEB8-8B4A-11D0-8D11-00A0C91BC942}") = "Adding numbers that don't exist", "LV1\Adding numbers that don't exist\Adding numbers that don't exist.vcxproj", "{6E1C32D0-6FED-4ADF-AAFA-3DD33B7EBAEA}"
EndProject
Project("{8BC9CEB8-8B4A-11D0-8D11-00A0C91BC942}") = "Addition of matrix", "LV1\Addition of matrix\Addition of matrix.vcxproj", "{1FDD9B76-3410-42F7-9D93-069503A049E3}"
EndProject
Project("{8BC9CEB8-8B4A-11D0-8D11-00A0C91BC942}") = "Arrange the strings however you want", "LV1\Arrange the strings however you want\Arrange the strings however you want.vcxproj", "{4A76D1EC-2749-4EE2-AF86-3E624946F6E3}"
EndProject
Project("{8BC9CEB8-8B4A-11D0-8D11-00A0C91BC942}") = "Bring the middle letter", "LV1\Bring the middle letter\Bring the middle letter.vcxproj", "{608296BA-B3CC-408E-A45F-ECFF8AA3454A}"
EndProject
Project("{8BC9CEB8-8B4A-11D0-8D11-00A0C91BC942}") = "Budget", "LV1\Budget\Budget.vcxproj", "{4C4B2BB1-05AF-427E-8000-7097BFB2CD80}"
EndProject
Project("{8BC9CEB8-8B4A-11D0-8D11-00A0C91BC942}") = "Caesar's code", "LV1\Caesar's code\Caesar's code.vcxproj", "{B5FE5B55-51BD-4B00-9CDA-259BAB1AC692}"
EndProject
Project("{8BC9CEB8-8B4A-11D0-8D11-00A0C91BC942}") = "Change the string to an integer", "LV1\Change the string to an integer\Change the string to an integer.vcxproj", "{4D91E6B4-8EE5-4224-A51C-426B684BEB0B}"
EndProject
Project("{8BC9CEB8-8B4A-11D0-8D11-00A0C91BC942}") = "Covering your phone number", "LV1\Covering your phone number\Covering your phone number.vcxproj", "{098BF8B2-6B0C-4119-A67E-E09A0D0469AA}"
EndProject
Project("{8BC9CEB8-8B4A-11D0-8D11-00A0C91BC942}") = "Determining the square root of an integer", "LV1\Determining the square root of an integer\Determining the square root of an integer.vcxproj", "{52764BE5-0093-4E73-B15A-2FAD868FD0D3}"
EndProject
Project("{8BC9CEB8-8B4A-11D0-8D11-00A0C91BC942}") = "Divided number arrangement", "LV1\Divided number arrangement\Divided number arrangement.vcxproj", "{A4F5BDF2-F238-42D4-A6F5-C4D017B202A2}"
EndProject
Project("{8BC9CEB8-8B4A-11D0-8D11-00A0C91BC942}") = "Even and odd", "LV1\Even and odd\Even and odd.vcxproj", "{3B1DAD6D-AF73-438E-B150-961114169BBB}"
EndProject
Project("{8BC9CEB8-8B4A-11D0-8D11-00A0C91BC942}") = "Find the average", "LV1\Find the average\Find the average.vcxproj", "{3D0EF94D-7DDA-4E54-B8D7-D888BA49E8C2}"
EndProject
Project("{8BC9CEB8-8B4A-11D0-8D11-00A0C91BC942}") = "Finding Kim Seobang in Seoul", "LV1\Finding Kim Seobang in Seoul\Finding Kim Seobang in Seoul.vcxproj", "{B9A11F77-9F7D-4B47-B710-D1D559703845}"
EndProject
Project("{8BC9CEB8-8B4A-11D0-8D11-00A0C91BC942}") = "Finding the prime number", "LV1\Finding the prime number\Finding the prime number.vcxproj", "{BFCB883E-CA70-49E1-9CA9-1B167A62BEE3}"
EndProject
Project("{8BC9CEB8-8B4A-11D0-8D11-00A0C91BC942}") = "Flip the natural tree and make it into an arrangement", "LV1\Flip the natural tree and make it into an arrangement\Flip the natural tree and make it into an arrangement.vcxproj", "{A52A8B2D-8022-446A-87FC-B3AA7D32491A}"
EndProject
Project("{8BC9CEB8-8B4A-11D0-8D11-00A0C91BC942}") = "Guess what it is", "LV1\Guess what it is\Guess what it is.vcxproj", "{9F3582B2-89D4-499D-8F45-E5D0B2E1BCFA}"
EndProject
Project("{8BC9CEB8-8B4A-11D0-8D11-00A0C91BC942}") = "Hashard number", "LV1\Hashard number\Hashard number.vcxproj", "{E897AEB3-3E4F-44D0-B3EA-64D332425F28}"
EndProject
Project("{8BC9CEB8-8B4A-11D0-8D11-00A0C91BC942}") = "I don't like the same number", "LV1\I don't like the same number\I don't like the same number.vcxproj", "{61E2AB34-F91A-47C1-8F8E-9BD29F957184}"
EndProject
Project("{8BC9CEB8-8B4A-11D0-8D11-00A0C91BC942}") = "Make a weird text", "LV1\Make a weird text\Make a weird text.vcxproj", "{830D9F63-8847-446E-BBF8-BF03B9041B05}"
EndProject
Project("{8BC9CEB8-8B4A-11D0-8D11-00A0C91BC942}") = "Making a rectangular star", "LV1\Making a rectangular star\Making a rectangular star.vcxproj", "{344945CC-7B26-44CE-AD2C-A58447E68129}"
EndProject
Project("{8BC9CEB8-8B4A-11D0-8D11-00A0C91BC942}") = "Maximum pledge and minimum multiple", "LV1\Maximum pledge and minimum multiple\Maximum pledge and minimum multiple.vcxproj", "{3105AAB9-C8DF-40A7-91A6-86126226896A}"
EndProject
Project("{8BC9CEB8-8B4A-11D0-8D11-00A0C91BC942}") = "N numbers that are spaced apart by X", "LV1\N numbers that are spaced apart by X\N numbers that are spaced apart by X.vcxproj", "{0C57B453-992D-40F3-9C11-4263E0E92BE7}"
EndProject
Project("{8BC9CEB8-8B4A-11D0-8D11-00A0C91BC942}") = "Pick two and add them", "LV1\Pick two and add them\Pick two and add them.vcxproj", "{1D99236F-21CC-454F-B9E5-118B87360386}"
EndProject
Project("{8BC9CEB8-8B4A-11D0-8D11-00A0C91BC942}") = "Place strings in descending order", "LV1\Place strings in descending order\Place strings in descending order.vcxproj", "{30BC105A-FA8F-44E2-B8DE-7B32505CC9EA}"
EndProject
Project("{8BC9CEB8-8B4A-11D0-8D11-00A0C91BC942}") = "Place the numbers in descending order", "LV1\Place the numbers in descending order\Place the numbers in descending order.vcxproj", "{ABC3A58A-F5B0-47A6-8BEA-525AFE1823DB}"
EndProject
Project("{8BC9CEB8-8B4A-11D0-8D11-00A0C91BC942}") = "Remove the smallest number", "LV1\Remove the smallest number\Remove the smallest number.vcxproj", "{D70B77D8-0C42-436D-9BAE-45E9510BC32B}"
EndProject
Project("{8BC9CEB8-8B4A-11D0-8D11-00A0C91BC942}") = "subaksubaksubaksubaksu", "LV1\subaksubaksubaksubaksu\subaksubaksubaksubaksu.vcxproj", "{3EA4FE42-1AAB-4EBA-89C6-A5C14E84DBDA}"
EndProject
Project("{8BC9CEB8-8B4A-11D0-8D11-00A0C91BC942}") = "The basics of handling strings", "LV1\The basics of handling strings\The basics of handling strings.vcxproj", "{4EB41DFA-89BE-4CD1-9FA6-FF96E48D7E2E}"
EndProject
Project("{8BC9CEB8-8B4A-11D0-8D11-00A0C91BC942}") = "The number of p and y in the string", "LV1\The number of p and y in the string\The number of p and y in the string.vcxproj", "{041FA575-A3BA-4858-9C5A-F3F3573BC17E}"
EndProject
Project("{8BC9CEB8-8B4A-11D0-8D11-00A0C91BC942}") = "The sum between the two integers", "LV1\The sum between the two integers\The sum between the two integers.vcxproj", "{290AB38D-DD84-4BC3-A63A-932F3DF7DBC6}"
EndProject
Project("{8BC9CEB8-8B4A-11D0-8D11-00A0C91BC942}") = "The sum of mineral water", "LV1\The sum of mineral water\The sum of mineral water.vcxproj", "{8264B1A8-7EC0-4CB4-8B55-E6832C96918C}"
EndProject
Project("{8BC9CEB8-8B4A-11D0-8D11-00A0C91BC942}") = "Workout clothes", "LV1\Workout clothes\Workout clothes.vcxproj", "{9DE7DC82-9792-4AEE-8033-12FFEA808B27}"
EndProject
Project("{8BC9CEB8-8B4A-11D0-8D11-00A0C91BC942}") = "Year of 2016", "LV1\Year of 2016\Year of 2016.vcxproj", "{2924DB76-A9CC-4116-A41B-5F8D5F966396}"
EndProject
Project("{8BC9CEB8-8B4A-11D0-8D11-00A0C91BC942}") = "Correct parenthesis", "LV2\Correct parenthesis\Correct parenthesis.vcxproj", "{873AC52E-1C7C-47E0-80E0-E82DA0640E58}"
EndProject
Project("{8BC9CEB8-8B4A-11D0-8D11-00A0C91BC942}") = "Counting the number of quads after compressed", "LV2\Counting the number of quads after compressed\Counting the number of quads after compressed.vcxproj", "{E6C52288-F7EB-478C-B541-391127F3DCA9}"
EndProject
Project("{8BC9CEB8-8B4A-11D0-8D11-00A0C91BC942}") = "Ddangddaemokgi. (Korean traditional game", "LV2\Ddangddaemokgi. (Korean traditional game\Ddangddaemokgi. (Korean traditional game.vcxproj", "{1A8CE446-FF79-4ADE-B39A-E81A0749C148}"
EndProject
Project("{8BC9CEB8-8B4A-11D0-8D11-00A0C91BC942}") = "Expressing numbers", "LV2\Expressing numbers\Expressing numbers.vcxproj", "{512AF929-A872-497C-95CF-5FBE9BE35C51}"
EndProject
Project("{8BC9CEB8-8B4A-11D0-8D11-00A0C91BC942}") = "Fibonacci number", "LV2\Fibonacci number\Fibonacci number.vcxproj", "{8FE9B024-1020-42F3-83C2-8D11E0753C8B}"
EndProject
Project("{8BC9CEB8-8B4A-11D0-8D11-00A0C91BC942}") = "Finding the biggest square", "LV2\Finding the biggest square\Finding the biggest square.vcxproj", "{886969F5-768C-48CC-9FC7-C956B8214946}"
EndProject
Project("{8BC9CEB8-8B4A-11D0-8D11-00A0C91BC942}") = "Make a JadenCase string", "LV2\Make a JadenCase string\Make a JadenCase string.vcxproj", "{6B32618C-505B-4F29-AF6F-A0D32D0E4CB1}"
EndProject
Project("{8BC9CEB8-8B4A-11D0-8D11-00A0C91BC942}") = "Making the minimum value", "LV2\Making the minimum value\Making the minimum value.vcxproj", "{8C0905DB-7353-400D-B5C4-797FD2822D38}"
EndProject
Project("{8BC9CEB8-8B4A-11D0-8D11-00A0C91BC942}") = "Maximum and minimum values", "LV2\Maximum and minimum values\Maximum and minimum values.vcxproj", "{699FBDAA-AE2C-45FA-B8DA-B2DE2D76DD3A}"
EndProject
Project("{8BC9CEB8-8B4A-11D0-8D11-00A0C91BC942}") = "Multiplication of matrix", "LV2\Multiplication of matrix\Multiplication of matrix.vcxproj", "{49A5F9D3-A95D-4F85-B25F-BFE8D48D6F0B}"
EndProject
Project("{8BC9CEB8-8B4A-11D0-8D11-00A0C91BC942}") = "n^2 Cut the arrangement", "LV2\n^2 Cut the arrangement\n^2 Cut the arrangement.vcxproj", "{E76FAB3B-CFAD-4088-A420-6DC8A70CA6DE}"
EndProject
Project("{8BC9CEB8-8B4A-11D0-8D11-00A0C91BC942}") = "Next big number", "LV2\Next big number\Next big number.vcxproj", "{13C5CFCD-B89F-456F-95E6-9C026A624ADD}"
EndProject
Project("{8BC9CEB8-8B4A-11D0-8D11-00A0C91BC942}") = "Adding yin and yang", "LV1\Adding yin and yang\Adding yin and yang.vcxproj", "{5D656B98-FD82-41DF-A500-6E87D4E806B3}"
EndProject
Project("{8BC9CEB8-8B4A-11D0-8D11-00A0C91BC942}") = "Repeat binary transformation", "LV2\Repeat binary transformation\Repeat binary transformation.vcxproj", "{3F97EC69-5E3C-4231-B516-5736FE8E66D1}"
EndProject
Project("{8BC9CEB8-8B4A-11D0-8D11-00A0C91BC942}") = "Lifeboat", "LV2\Lifeboat\Lifeboat.vcxproj", "{98B56B45-3FBA-413C-B45E-4759708981A4}"
EndProject
Project("{8BC9CEB8-8B4A-11D0-8D11-00A0C91BC942}") = "targetnumber", "LV2\targetnumber\targetnumber.vcxproj", "{F8BE315E-2A88-45B1-88B8-9CF777B37E1F}"
EndProject
Project("{8BC9CEB8-8B4A-11D0-8D11-00A0C91BC942}") = "Immigration", "LV3\Immigration\Immigration.vcxproj", "{ED7D4862-90BC-4407-B449-5D541DDE3E82}"
EndProject
Global
	GlobalSection(SolutionConfigurationPlatforms) = preSolution
		Debug|x64 = Debug|x64
		Debug|x86 = Debug|x86
		Release|x64 = Release|x64
		Release|x86 = Release|x86
	EndGlobalSection
	GlobalSection(ProjectConfigurationPlatforms) = postSolution
		{2BC5861C-DC7F-4385-902A-018AC1E99F6C}.Debug|x64.ActiveCfg = Debug|x64
		{2BC5861C-DC7F-4385-902A-018AC1E99F6C}.Debug|x64.Build.0 = Debug|x64
		{2BC5861C-DC7F-4385-902A-018AC1E99F6C}.Debug|x86.ActiveCfg = Debug|Win32
		{2BC5861C-DC7F-4385-902A-018AC1E99F6C}.Debug|x86.Build.0 = Debug|Win32
		{2BC5861C-DC7F-4385-902A-018AC1E99F6C}.Release|x64.ActiveCfg = Release|x64
		{2BC5861C-DC7F-4385-902A-018AC1E99F6C}.Release|x64.Build.0 = Release|x64
		{2BC5861C-DC7F-4385-902A-018AC1E99F6C}.Release|x86.ActiveCfg = Release|Win32
		{2BC5861C-DC7F-4385-902A-018AC1E99F6C}.Release|x86.Build.0 = Release|Win32
		{922C15A5-1209-483E-810E-6CC9C491A22B}.Debug|x64.ActiveCfg = Debug|x64
		{922C15A5-1209-483E-810E-6CC9C491A22B}.Debug|x64.Build.0 = Debug|x64
		{922C15A5-1209-483E-810E-6CC9C491A22B}.Debug|x86.ActiveCfg = Debug|Win32
		{922C15A5-1209-483E-810E-6CC9C491A22B}.Debug|x86.Build.0 = Debug|Win32
		{922C15A5-1209-483E-810E-6CC9C491A22B}.Release|x64.ActiveCfg = Release|x64
		{922C15A5-1209-483E-810E-6CC9C491A22B}.Release|x64.Build.0 = Release|x64
		{922C15A5-1209-483E-810E-6CC9C491A22B}.Release|x86.ActiveCfg = Release|Win32
		{922C15A5-1209-483E-810E-6CC9C491A22B}.Release|x86.Build.0 = Release|Win32
		{BA1E982F-5935-4EA3-AFF7-CFA75455DBF9}.Debug|x64.ActiveCfg = Debug|x64
		{BA1E982F-5935-4EA3-AFF7-CFA75455DBF9}.Debug|x64.Build.0 = Debug|x64
		{BA1E982F-5935-4EA3-AFF7-CFA75455DBF9}.Debug|x86.ActiveCfg = Debug|Win32
		{BA1E982F-5935-4EA3-AFF7-CFA75455DBF9}.Debug|x86.Build.0 = Debug|Win32
		{BA1E982F-5935-4EA3-AFF7-CFA75455DBF9}.Release|x64.ActiveCfg = Release|x64
		{BA1E982F-5935-4EA3-AFF7-CFA75455DBF9}.Release|x64.Build.0 = Release|x64
		{BA1E982F-5935-4EA3-AFF7-CFA75455DBF9}.Release|x86.ActiveCfg = Release|Win32
		{BA1E982F-5935-4EA3-AFF7-CFA75455DBF9}.Release|x86.Build.0 = Release|Win32
		{372072F9-5FBA-4C66-BA31-7C149C71D131}.Debug|x64.ActiveCfg = Debug|x64
		{372072F9-5FBA-4C66-BA31-7C149C71D131}.Debug|x64.Build.0 = Debug|x64
		{372072F9-5FBA-4C66-BA31-7C149C71D131}.Debug|x86.ActiveCfg = Debug|Win32
		{372072F9-5FBA-4C66-BA31-7C149C71D131}.Debug|x86.Build.0 = Debug|Win32
		{372072F9-5FBA-4C66-BA31-7C149C71D131}.Release|x64.ActiveCfg = Release|x64
		{372072F9-5FBA-4C66-BA31-7C149C71D131}.Release|x64.Build.0 = Release|x64
		{372072F9-5FBA-4C66-BA31-7C149C71D131}.Release|x86.ActiveCfg = Release|Win32
		{372072F9-5FBA-4C66-BA31-7C149C71D131}.Release|x86.Build.0 = Release|Win32
		{1A893783-86CF-44C9-AC64-8DB109AC50EB}.Debug|x64.ActiveCfg = Debug|x64
		{1A893783-86CF-44C9-AC64-8DB109AC50EB}.Debug|x64.Build.0 = Debug|x64
		{1A893783-86CF-44C9-AC64-8DB109AC50EB}.Debug|x86.ActiveCfg = Debug|Win32
		{1A893783-86CF-44C9-AC64-8DB109AC50EB}.Debug|x86.Build.0 = Debug|Win32
		{1A893783-86CF-44C9-AC64-8DB109AC50EB}.Release|x64.ActiveCfg = Release|x64
		{1A893783-86CF-44C9-AC64-8DB109AC50EB}.Release|x64.Build.0 = Release|x64
		{1A893783-86CF-44C9-AC64-8DB109AC50EB}.Release|x86.ActiveCfg = Release|Win32
		{1A893783-86CF-44C9-AC64-8DB109AC50EB}.Release|x86.Build.0 = Release|Win32
		{90DDE45C-931C-4956-AD2C-B40AD5360701}.Debug|x64.ActiveCfg = Debug|x64
		{90DDE45C-931C-4956-AD2C-B40AD5360701}.Debug|x64.Build.0 = Debug|x64
		{90DDE45C-931C-4956-AD2C-B40AD5360701}.Debug|x86.ActiveCfg = Debug|Win32
		{90DDE45C-931C-4956-AD2C-B40AD5360701}.Debug|x86.Build.0 = Debug|Win32
		{90DDE45C-931C-4956-AD2C-B40AD5360701}.Release|x64.ActiveCfg = Release|x64
		{90DDE45C-931C-4956-AD2C-B40AD5360701}.Release|x64.Build.0 = Release|x64
		{90DDE45C-931C-4956-AD2C-B40AD5360701}.Release|x86.ActiveCfg = Release|Win32
		{90DDE45C-931C-4956-AD2C-B40AD5360701}.Release|x86.Build.0 = Release|Win32
		{C5D79291-FD8E-41EC-972F-39E99AE6F11D}.Debug|x64.ActiveCfg = Debug|x64
		{C5D79291-FD8E-41EC-972F-39E99AE6F11D}.Debug|x64.Build.0 = Debug|x64
		{C5D79291-FD8E-41EC-972F-39E99AE6F11D}.Debug|x86.ActiveCfg = Debug|Win32
		{C5D79291-FD8E-41EC-972F-39E99AE6F11D}.Debug|x86.Build.0 = Debug|Win32
		{C5D79291-FD8E-41EC-972F-39E99AE6F11D}.Release|x64.ActiveCfg = Release|x64
		{C5D79291-FD8E-41EC-972F-39E99AE6F11D}.Release|x64.Build.0 = Release|x64
		{C5D79291-FD8E-41EC-972F-39E99AE6F11D}.Release|x86.ActiveCfg = Release|Win32
		{C5D79291-FD8E-41EC-972F-39E99AE6F11D}.Release|x86.Build.0 = Release|Win32
		{20747CE3-E14A-4369-B9D5-F1EAEB95A34E}.Debug|x64.ActiveCfg = Debug|x64
		{20747CE3-E14A-4369-B9D5-F1EAEB95A34E}.Debug|x64.Build.0 = Debug|x64
		{20747CE3-E14A-4369-B9D5-F1EAEB95A34E}.Debug|x86.ActiveCfg = Debug|Win32
		{20747CE3-E14A-4369-B9D5-F1EAEB95A34E}.Debug|x86.Build.0 = Debug|Win32
		{20747CE3-E14A-4369-B9D5-F1EAEB95A34E}.Release|x64.ActiveCfg = Release|x64
		{20747CE3-E14A-4369-B9D5-F1EAEB95A34E}.Release|x64.Build.0 = Release|x64
		{20747CE3-E14A-4369-B9D5-F1EAEB95A34E}.Release|x86.ActiveCfg = Release|Win32
		{20747CE3-E14A-4369-B9D5-F1EAEB95A34E}.Release|x86.Build.0 = Release|Win32
		{F60C29E5-8D3E-4509-B8CC-B6BA0E159AB2}.Debug|x64.ActiveCfg = Debug|x64
		{F60C29E5-8D3E-4509-B8CC-B6BA0E159AB2}.Debug|x64.Build.0 = Debug|x64
		{F60C29E5-8D3E-4509-B8CC-B6BA0E159AB2}.Debug|x86.ActiveCfg = Debug|Win32
		{F60C29E5-8D3E-4509-B8CC-B6BA0E159AB2}.Debug|x86.Build.0 = Debug|Win32
		{F60C29E5-8D3E-4509-B8CC-B6BA0E159AB2}.Release|x64.ActiveCfg = Release|x64
		{F60C29E5-8D3E-4509-B8CC-B6BA0E159AB2}.Release|x64.Build.0 = Release|x64
		{F60C29E5-8D3E-4509-B8CC-B6BA0E159AB2}.Release|x86.ActiveCfg = Release|Win32
		{F60C29E5-8D3E-4509-B8CC-B6BA0E159AB2}.Release|x86.Build.0 = Release|Win32
		{3BCA713B-4CDB-421D-AF6C-848D29475DDB}.Debug|x64.ActiveCfg = Debug|x64
		{3BCA713B-4CDB-421D-AF6C-848D29475DDB}.Debug|x64.Build.0 = Debug|x64
		{3BCA713B-4CDB-421D-AF6C-848D29475DDB}.Debug|x86.ActiveCfg = Debug|Win32
		{3BCA713B-4CDB-421D-AF6C-848D29475DDB}.Debug|x86.Build.0 = Debug|Win32
		{3BCA713B-4CDB-421D-AF6C-848D29475DDB}.Release|x64.ActiveCfg = Release|x64
		{3BCA713B-4CDB-421D-AF6C-848D29475DDB}.Release|x64.Build.0 = Release|x64
		{3BCA713B-4CDB-421D-AF6C-848D29475DDB}.Release|x86.ActiveCfg = Release|Win32
		{3BCA713B-4CDB-421D-AF6C-848D29475DDB}.Release|x86.Build.0 = Release|Win32
		{6E1C32D0-6FED-4ADF-AAFA-3DD33B7EBAEA}.Debug|x64.ActiveCfg = Debug|x64
		{6E1C32D0-6FED-4ADF-AAFA-3DD33B7EBAEA}.Debug|x64.Build.0 = Debug|x64
		{6E1C32D0-6FED-4ADF-AAFA-3DD33B7EBAEA}.Debug|x86.ActiveCfg = Debug|Win32
		{6E1C32D0-6FED-4ADF-AAFA-3DD33B7EBAEA}.Debug|x86.Build.0 = Debug|Win32
		{6E1C32D0-6FED-4ADF-AAFA-3DD33B7EBAEA}.Release|x64.ActiveCfg = Release|x64
		{6E1C32D0-6FED-4ADF-AAFA-3DD33B7EBAEA}.Release|x64.Build.0 = Release|x64
		{6E1C32D0-6FED-4ADF-AAFA-3DD33B7EBAEA}.Release|x86.ActiveCfg = Release|Win32
		{6E1C32D0-6FED-4ADF-AAFA-3DD33B7EBAEA}.Release|x86.Build.0 = Release|Win32
		{1FDD9B76-3410-42F7-9D93-069503A049E3}.Debug|x64.ActiveCfg = Debug|x64
		{1FDD9B76-3410-42F7-9D93-069503A049E3}.Debug|x64.Build.0 = Debug|x64
		{1FDD9B76-3410-42F7-9D93-069503A049E3}.Debug|x86.ActiveCfg = Debug|Win32
		{1FDD9B76-3410-42F7-9D93-069503A049E3}.Debug|x86.Build.0 = Debug|Win32
		{1FDD9B76-3410-42F7-9D93-069503A049E3}.Release|x64.ActiveCfg = Release|x64
		{1FDD9B76-3410-42F7-9D93-069503A049E3}.Release|x64.Build.0 = Release|x64
		{1FDD9B76-3410-42F7-9D93-069503A049E3}.Release|x86.ActiveCfg = Release|Win32
		{1FDD9B76-3410-42F7-9D93-069503A049E3}.Release|x86.Build.0 = Release|Win32
		{4A76D1EC-2749-4EE2-AF86-3E624946F6E3}.Debug|x64.ActiveCfg = Debug|x64
		{4A76D1EC-2749-4EE2-AF86-3E624946F6E3}.Debug|x64.Build.0 = Debug|x64
		{4A76D1EC-2749-4EE2-AF86-3E624946F6E3}.Debug|x86.ActiveCfg = Debug|Win32
		{4A76D1EC-2749-4EE2-AF86-3E624946F6E3}.Debug|x86.Build.0 = Debug|Win32
		{4A76D1EC-2749-4EE2-AF86-3E624946F6E3}.Release|x64.ActiveCfg = Release|x64
		{4A76D1EC-2749-4EE2-AF86-3E624946F6E3}.Release|x64.Build.0 = Release|x64
		{4A76D1EC-2749-4EE2-AF86-3E624946F6E3}.Release|x86.ActiveCfg = Release|Win32
		{4A76D1EC-2749-4EE2-AF86-3E624946F6E3}.Release|x86.Build.0 = Release|Win32
		{608296BA-B3CC-408E-A45F-ECFF8AA3454A}.Debug|x64.ActiveCfg = Debug|x64
		{608296BA-B3CC-408E-A45F-ECFF8AA3454A}.Debug|x64.Build.0 = Debug|x64
		{608296BA-B3CC-408E-A45F-ECFF8AA3454A}.Debug|x86.ActiveCfg = Debug|Win32
		{608296BA-B3CC-408E-A45F-ECFF8AA3454A}.Debug|x86.Build.0 = Debug|Win32
		{608296BA-B3CC-408E-A45F-ECFF8AA3454A}.Release|x64.ActiveCfg = Release|x64
		{608296BA-B3CC-408E-A45F-ECFF8AA3454A}.Release|x64.Build.0 = Release|x64
		{608296BA-B3CC-408E-A45F-ECFF8AA3454A}.Release|x86.ActiveCfg = Release|Win32
		{608296BA-B3CC-408E-A45F-ECFF8AA3454A}.Release|x86.Build.0 = Release|Win32
		{4C4B2BB1-05AF-427E-8000-7097BFB2CD80}.Debug|x64.ActiveCfg = Debug|x64
		{4C4B2BB1-05AF-427E-8000-7097BFB2CD80}.Debug|x64.Build.0 = Debug|x64
		{4C4B2BB1-05AF-427E-8000-7097BFB2CD80}.Debug|x86.ActiveCfg = Debug|Win32
		{4C4B2BB1-05AF-427E-8000-7097BFB2CD80}.Debug|x86.Build.0 = Debug|Win32
		{4C4B2BB1-05AF-427E-8000-7097BFB2CD80}.Release|x64.ActiveCfg = Release|x64
		{4C4B2BB1-05AF-427E-8000-7097BFB2CD80}.Release|x64.Build.0 = Release|x64
		{4C4B2BB1-05AF-427E-8000-7097BFB2CD80}.Release|x86.ActiveCfg = Release|Win32
		{4C4B2BB1-05AF-427E-8000-7097BFB2CD80}.Release|x86.Build.0 = Release|Win32
		{B5FE5B55-51BD-4B00-9CDA-259BAB1AC692}.Debug|x64.ActiveCfg = Debug|x64
		{B5FE5B55-51BD-4B00-9CDA-259BAB1AC692}.Debug|x64.Build.0 = Debug|x64
		{B5FE5B55-51BD-4B00-9CDA-259BAB1AC692}.Debug|x86.ActiveCfg = Debug|Win32
		{B5FE5B55-51BD-4B00-9CDA-259BAB1AC692}.Debug|x86.Build.0 = Debug|Win32
		{B5FE5B55-51BD-4B00-9CDA-259BAB1AC692}.Release|x64.ActiveCfg = Release|x64
		{B5FE5B55-51BD-4B00-9CDA-259BAB1AC692}.Release|x64.Build.0 = Release|x64
		{B5FE5B55-51BD-4B00-9CDA-259BAB1AC692}.Release|x86.ActiveCfg = Release|Win32
		{B5FE5B55-51BD-4B00-9CDA-259BAB1AC692}.Release|x86.Build.0 = Release|Win32
		{4D91E6B4-8EE5-4224-A51C-426B684BEB0B}.Debug|x64.ActiveCfg = Debug|x64
		{4D91E6B4-8EE5-4224-A51C-426B684BEB0B}.Debug|x64.Build.0 = Debug|x64
		{4D91E6B4-8EE5-4224-A51C-426B684BEB0B}.Debug|x86.ActiveCfg = Debug|Win32
		{4D91E6B4-8EE5-4224-A51C-426B684BEB0B}.Debug|x86.Build.0 = Debug|Win32
		{4D91E6B4-8EE5-4224-A51C-426B684BEB0B}.Release|x64.ActiveCfg = Release|x64
		{4D91E6B4-8EE5-4224-A51C-426B684BEB0B}.Release|x64.Build.0 = Release|x64
		{4D91E6B4-8EE5-4224-A51C-426B684BEB0B}.Release|x86.ActiveCfg = Release|Win32
		{4D91E6B4-8EE5-4224-A51C-426B684BEB0B}.Release|x86.Build.0 = Release|Win32
		{098BF8B2-6B0C-4119-A67E-E09A0D0469AA}.Debug|x64.ActiveCfg = Debug|x64
		{098BF8B2-6B0C-4119-A67E-E09A0D0469AA}.Debug|x64.Build.0 = Debug|x64
		{098BF8B2-6B0C-4119-A67E-E09A0D0469AA}.Debug|x86.ActiveCfg = Debug|Win32
		{098BF8B2-6B0C-4119-A67E-E09A0D0469AA}.Debug|x86.Build.0 = Debug|Win32
		{098BF8B2-6B0C-4119-A67E-E09A0D0469AA}.Release|x64.ActiveCfg = Release|x64
		{098BF8B2-6B0C-4119-A67E-E09A0D0469AA}.Release|x64.Build.0 = Release|x64
		{098BF8B2-6B0C-4119-A67E-E09A0D0469AA}.Release|x86.ActiveCfg = Release|Win32
		{098BF8B2-6B0C-4119-A67E-E09A0D0469AA}.Release|x86.Build.0 = Release|Win32
		{52764BE5-0093-4E73-B15A-2FAD868FD0D3}.Debug|x64.ActiveCfg = Debug|x64
		{52764BE5-0093-4E73-B15A-2FAD868FD0D3}.Debug|x64.Build.0 = Debug|x64
		{52764BE5-0093-4E73-B15A-2FAD868FD0D3}.Debug|x86.ActiveCfg = Debug|Win32
		{52764BE5-0093-4E73-B15A-2FAD868FD0D3}.Debug|x86.Build.0 = Debug|Win32
		{52764BE5-0093-4E73-B15A-2FAD868FD0D3}.Release|x64.ActiveCfg = Release|x64
		{52764BE5-0093-4E73-B15A-2FAD868FD0D3}.Release|x64.Build.0 = Release|x64
		{52764BE5-0093-4E73-B15A-2FAD868FD0D3}.Release|x86.ActiveCfg = Release|Win32
		{52764BE5-0093-4E73-B15A-2FAD868FD0D3}.Release|x86.Build.0 = Release|Win32
		{A4F5BDF2-F238-42D4-A6F5-C4D017B202A2}.Debug|x64.ActiveCfg = Debug|x64
		{A4F5BDF2-F238-42D4-A6F5-C4D017B202A2}.Debug|x64.Build.0 = Debug|x64
		{A4F5BDF2-F238-42D4-A6F5-C4D017B202A2}.Debug|x86.ActiveCfg = Debug|Win32
		{A4F5BDF2-F238-42D4-A6F5-C4D017B202A2}.Debug|x86.Build.0 = Debug|Win32
		{A4F5BDF2-F238-42D4-A6F5-C4D017B202A2}.Release|x64.ActiveCfg = Release|x64
		{A4F5BDF2-F238-42D4-A6F5-C4D017B202A2}.Release|x64.Build.0 = Release|x64
		{A4F5BDF2-F238-42D4-A6F5-C4D017B202A2}.Release|x86.ActiveCfg = Release|Win32
		{A4F5BDF2-F238-42D4-A6F5-C4D017B202A2}.Release|x86.Build.0 = Release|Win32
		{3B1DAD6D-AF73-438E-B150-961114169BBB}.Debug|x64.ActiveCfg = Debug|x64
		{3B1DAD6D-AF73-438E-B150-961114169BBB}.Debug|x64.Build.0 = Debug|x64
		{3B1DAD6D-AF73-438E-B150-961114169BBB}.Debug|x86.ActiveCfg = Debug|Win32
		{3B1DAD6D-AF73-438E-B150-961114169BBB}.Debug|x86.Build.0 = Debug|Win32
		{3B1DAD6D-AF73-438E-B150-961114169BBB}.Release|x64.ActiveCfg = Release|x64
		{3B1DAD6D-AF73-438E-B150-961114169BBB}.Release|x64.Build.0 = Release|x64
		{3B1DAD6D-AF73-438E-B150-961114169BBB}.Release|x86.ActiveCfg = Release|Win32
		{3B1DAD6D-AF73-438E-B150-961114169BBB}.Release|x86.Build.0 = Release|Win32
		{3D0EF94D-7DDA-4E54-B8D7-D888BA49E8C2}.Debug|x64.ActiveCfg = Debug|x64
		{3D0EF94D-7DDA-4E54-B8D7-D888BA49E8C2}.Debug|x64.Build.0 = Debug|x64
		{3D0EF94D-7DDA-4E54-B8D7-D888BA49E8C2}.Debug|x86.ActiveCfg = Debug|Win32
		{3D0EF94D-7DDA-4E54-B8D7-D888BA49E8C2}.Debug|x86.Build.0 = Debug|Win32
		{3D0EF94D-7DDA-4E54-B8D7-D888BA49E8C2}.Release|x64.ActiveCfg = Release|x64
		{3D0EF94D-7DDA-4E54-B8D7-D888BA49E8C2}.Release|x64.Build.0 = Release|x64
		{3D0EF94D-7DDA-4E54-B8D7-D888BA49E8C2}.Release|x86.ActiveCfg = Release|Win32
		{3D0EF94D-7DDA-4E54-B8D7-D888BA49E8C2}.Release|x86.Build.0 = Release|Win32
		{B9A11F77-9F7D-4B47-B710-D1D559703845}.Debug|x64.ActiveCfg = Debug|x64
		{B9A11F77-9F7D-4B47-B710-D1D559703845}.Debug|x64.Build.0 = Debug|x64
		{B9A11F77-9F7D-4B47-B710-D1D559703845}.Debug|x86.ActiveCfg = Debug|Win32
		{B9A11F77-9F7D-4B47-B710-D1D559703845}.Debug|x86.Build.0 = Debug|Win32
		{B9A11F77-9F7D-4B47-B710-D1D559703845}.Release|x64.ActiveCfg = Release|x64
		{B9A11F77-9F7D-4B47-B710-D1D559703845}.Release|x64.Build.0 = Release|x64
		{B9A11F77-9F7D-4B47-B710-D1D559703845}.Release|x86.ActiveCfg = Release|Win32
		{B9A11F77-9F7D-4B47-B710-D1D559703845}.Release|x86.Build.0 = Release|Win32
		{BFCB883E-CA70-49E1-9CA9-1B167A62BEE3}.Debug|x64.ActiveCfg = Debug|x64
		{BFCB883E-CA70-49E1-9CA9-1B167A62BEE3}.Debug|x64.Build.0 = Debug|x64
		{BFCB883E-CA70-49E1-9CA9-1B167A62BEE3}.Debug|x86.ActiveCfg = Debug|Win32
		{BFCB883E-CA70-49E1-9CA9-1B167A62BEE3}.Debug|x86.Build.0 = Debug|Win32
		{BFCB883E-CA70-49E1-9CA9-1B167A62BEE3}.Release|x64.ActiveCfg = Release|x64
		{BFCB883E-CA70-49E1-9CA9-1B167A62BEE3}.Release|x64.Build.0 = Release|x64
		{BFCB883E-CA70-49E1-9CA9-1B167A62BEE3}.Release|x86.ActiveCfg = Release|Win32
		{BFCB883E-CA70-49E1-9CA9-1B167A62BEE3}.Release|x86.Build.0 = Release|Win32
		{A52A8B2D-8022-446A-87FC-B3AA7D32491A}.Debug|x64.ActiveCfg = Debug|x64
		{A52A8B2D-8022-446A-87FC-B3AA7D32491A}.Debug|x64.Build.0 = Debug|x64
		{A52A8B2D-8022-446A-87FC-B3AA7D32491A}.Debug|x86.ActiveCfg = Debug|Win32
		{A52A8B2D-8022-446A-87FC-B3AA7D32491A}.Debug|x86.Build.0 = Debug|Win32
		{A52A8B2D-8022-446A-87FC-B3AA7D32491A}.Release|x64.ActiveCfg = Release|x64
		{A52A8B2D-8022-446A-87FC-B3AA7D32491A}.Release|x64.Build.0 = Release|x64
		{A52A8B2D-8022-446A-87FC-B3AA7D32491A}.Release|x86.ActiveCfg = Release|Win32
		{A52A8B2D-8022-446A-87FC-B3AA7D32491A}.Release|x86.Build.0 = Release|Win32
		{9F3582B2-89D4-499D-8F45-E5D0B2E1BCFA}.Debug|x64.ActiveCfg = Debug|x64
		{9F3582B2-89D4-499D-8F45-E5D0B2E1BCFA}.Debug|x64.Build.0 = Debug|x64
		{9F3582B2-89D4-499D-8F45-E5D0B2E1BCFA}.Debug|x86.ActiveCfg = Debug|Win32
		{9F3582B2-89D4-499D-8F45-E5D0B2E1BCFA}.Debug|x86.Build.0 = Debug|Win32
		{9F3582B2-89D4-499D-8F45-E5D0B2E1BCFA}.Release|x64.ActiveCfg = Release|x64
		{9F3582B2-89D4-499D-8F45-E5D0B2E1BCFA}.Release|x64.Build.0 = Release|x64
		{9F3582B2-89D4-499D-8F45-E5D0B2E1BCFA}.Release|x86.ActiveCfg = Release|Win32
		{9F3582B2-89D4-499D-8F45-E5D0B2E1BCFA}.Release|x86.Build.0 = Release|Win32
		{E897AEB3-3E4F-44D0-B3EA-64D332425F28}.Debug|x64.ActiveCfg = Debug|x64
		{E897AEB3-3E4F-44D0-B3EA-64D332425F28}.Debug|x64.Build.0 = Debug|x64
		{E897AEB3-3E4F-44D0-B3EA-64D332425F28}.Debug|x86.ActiveCfg = Debug|Win32
		{E897AEB3-3E4F-44D0-B3EA-64D332425F28}.Debug|x86.Build.0 = Debug|Win32
		{E897AEB3-3E4F-44D0-B3EA-64D332425F28}.Release|x64.ActiveCfg = Release|x64
		{E897AEB3-3E4F-44D0-B3EA-64D332425F28}.Release|x64.Build.0 = Release|x64
		{E897AEB3-3E4F-44D0-B3EA-64D332425F28}.Release|x86.ActiveCfg = Release|Win32
		{E897AEB3-3E4F-44D0-B3EA-64D332425F28}.Release|x86.Build.0 = Release|Win32
		{61E2AB34-F91A-47C1-8F8E-9BD29F957184}.Debug|x64.ActiveCfg = Debug|x64
		{61E2AB34-F91A-47C1-8F8E-9BD29F957184}.Debug|x64.Build.0 = Debug|x64
		{61E2AB34-F91A-47C1-8F8E-9BD29F957184}.Debug|x86.ActiveCfg = Debug|Win32
		{61E2AB34-F91A-47C1-8F8E-9BD29F957184}.Debug|x86.Build.0 = Debug|Win32
		{61E2AB34-F91A-47C1-8F8E-9BD29F957184}.Release|x64.ActiveCfg = Release|x64
		{61E2AB34-F91A-47C1-8F8E-9BD29F957184}.Release|x64.Build.0 = Release|x64
		{61E2AB34-F91A-47C1-8F8E-9BD29F957184}.Release|x86.ActiveCfg = Release|Win32
		{61E2AB34-F91A-47C1-8F8E-9BD29F957184}.Release|x86.Build.0 = Release|Win32
		{830D9F63-8847-446E-BBF8-BF03B9041B05}.Debug|x64.ActiveCfg = Debug|x64
		{830D9F63-8847-446E-BBF8-BF03B9041B05}.Debug|x64.Build.0 = Debug|x64
		{830D9F63-8847-446E-BBF8-BF03B9041B05}.Debug|x86.ActiveCfg = Debug|Win32
		{830D9F63-8847-446E-BBF8-BF03B9041B05}.Debug|x86.Build.0 = Debug|Win32
		{830D9F63-8847-446E-BBF8-BF03B9041B05}.Release|x64.ActiveCfg = Release|x64
		{830D9F63-8847-446E-BBF8-BF03B9041B05}.Release|x64.Build.0 = Release|x64
		{830D9F63-8847-446E-BBF8-BF03B9041B05}.Release|x86.ActiveCfg = Release|Win32
		{830D9F63-8847-446E-BBF8-BF03B9041B05}.Release|x86.Build.0 = Release|Win32
		{344945CC-7B26-44CE-AD2C-A58447E68129}.Debug|x64.ActiveCfg = Debug|x64
		{344945CC-7B26-44CE-AD2C-A58447E68129}.Debug|x64.Build.0 = Debug|x64
		{344945CC-7B26-44CE-AD2C-A58447E68129}.Debug|x86.ActiveCfg = Debug|Win32
		{344945CC-7B26-44CE-AD2C-A58447E68129}.Debug|x86.Build.0 = Debug|Win32
		{344945CC-7B26-44CE-AD2C-A58447E68129}.Release|x64.ActiveCfg = Release|x64
		{344945CC-7B26-44CE-AD2C-A58447E68129}.Release|x64.Build.0 = Release|x64
		{344945CC-7B26-44CE-AD2C-A58447E68129}.Release|x86.ActiveCfg = Release|Win32
		{344945CC-7B26-44CE-AD2C-A58447E68129}.Release|x86.Build.0 = Release|Win32
		{3105AAB9-C8DF-40A7-91A6-86126226896A}.Debug|x64.ActiveCfg = Debug|x64
		{3105AAB9-C8DF-40A7-91A6-86126226896A}.Debug|x64.Build.0 = Debug|x64
		{3105AAB9-C8DF-40A7-91A6-86126226896A}.Debug|x86.ActiveCfg = Debug|Win32
		{3105AAB9-C8DF-40A7-91A6-86126226896A}.Debug|x86.Build.0 = Debug|Win32
		{3105AAB9-C8DF-40A7-91A6-86126226896A}.Release|x64.ActiveCfg = Release|x64
		{3105AAB9-C8DF-40A7-91A6-86126226896A}.Release|x64.Build.0 = Release|x64
		{3105AAB9-C8DF-40A7-91A6-86126226896A}.Release|x86.ActiveCfg = Release|Win32
		{3105AAB9-C8DF-40A7-91A6-86126226896A}.Release|x86.Build.0 = Release|Win32
		{0C57B453-992D-40F3-9C11-4263E0E92BE7}.Debug|x64.ActiveCfg = Debug|x64
		{0C57B453-992D-40F3-9C11-4263E0E92BE7}.Debug|x64.Build.0 = Debug|x64
		{0C57B453-992D-40F3-9C11-4263E0E92BE7}.Debug|x86.ActiveCfg = Debug|Win32
		{0C57B453-992D-40F3-9C11-4263E0E92BE7}.Debug|x86.Build.0 = Debug|Win32
		{0C57B453-992D-40F3-9C11-4263E0E92BE7}.Release|x64.ActiveCfg = Release|x64
		{0C57B453-992D-40F3-9C11-4263E0E92BE7}.Release|x64.Build.0 = Release|x64
		{0C57B453-992D-40F3-9C11-4263E0E92BE7}.Release|x86.ActiveCfg = Release|Win32
		{0C57B453-992D-40F3-9C11-4263E0E92BE7}.Release|x86.Build.0 = Release|Win32
		{1D99236F-21CC-454F-B9E5-118B87360386}.Debug|x64.ActiveCfg = Debug|x64
		{1D99236F-21CC-454F-B9E5-118B87360386}.Debug|x64.Build.0 = Debug|x64
		{1D99236F-21CC-454F-B9E5-118B87360386}.Debug|x86.ActiveCfg = Debug|Win32
		{1D99236F-21CC-454F-B9E5-118B87360386}.Debug|x86.Build.0 = Debug|Win32
		{1D99236F-21CC-454F-B9E5-118B87360386}.Release|x64.ActiveCfg = Release|x64
		{1D99236F-21CC-454F-B9E5-118B87360386}.Release|x64.Build.0 = Release|x64
		{1D99236F-21CC-454F-B9E5-118B87360386}.Release|x86.ActiveCfg = Release|Win32
		{1D99236F-21CC-454F-B9E5-118B87360386}.Release|x86.Build.0 = Release|Win32
		{30BC105A-FA8F-44E2-B8DE-7B32505CC9EA}.Debug|x64.ActiveCfg = Debug|x64
		{30BC105A-FA8F-44E2-B8DE-7B32505CC9EA}.Debug|x64.Build.0 = Debug|x64
		{30BC105A-FA8F-44E2-B8DE-7B32505CC9EA}.Debug|x86.ActiveCfg = Debug|Win32
		{30BC105A-FA8F-44E2-B8DE-7B32505CC9EA}.Debug|x86.Build.0 = Debug|Win32
		{30BC105A-FA8F-44E2-B8DE-7B32505CC9EA}.Release|x64.ActiveCfg = Release|x64
		{30BC105A-FA8F-44E2-B8DE-7B32505CC9EA}.Release|x64.Build.0 = Release|x64
		{30BC105A-FA8F-44E2-B8DE-7B32505CC9EA}.Release|x86.ActiveCfg = Release|Win32
		{30BC105A-FA8F-44E2-B8DE-7B32505CC9EA}.Release|x86.Build.0 = Release|Win32
		{ABC3A58A-F5B0-47A6-8BEA-525AFE1823DB}.Debug|x64.ActiveCfg = Debug|x64
		{ABC3A58A-F5B0-47A6-8BEA-525AFE1823DB}.Debug|x64.Build.0 = Debug|x64
		{ABC3A58A-F5B0-47A6-8BEA-525AFE1823DB}.Debug|x86.ActiveCfg = Debug|Win32
		{ABC3A58A-F5B0-47A6-8BEA-525AFE1823DB}.Debug|x86.Build.0 = Debug|Win32
		{ABC3A58A-F5B0-47A6-8BEA-525AFE1823DB}.Release|x64.ActiveCfg = Release|x64
		{ABC3A58A-F5B0-47A6-8BEA-525AFE1823DB}.Release|x64.Build.0 = Release|x64
		{ABC3A58A-F5B0-47A6-8BEA-525AFE1823DB}.Release|x86.ActiveCfg = Release|Win32
		{ABC3A58A-F5B0-47A6-8BEA-525AFE1823DB}.Release|x86.Build.0 = Release|Win32
		{D70B77D8-0C42-436D-9BAE-45E9510BC32B}.Debug|x64.ActiveCfg = Debug|x64
		{D70B77D8-0C42-436D-9BAE-45E9510BC32B}.Debug|x64.Build.0 = Debug|x64
		{D70B77D8-0C42-436D-9BAE-45E9510BC32B}.Debug|x86.ActiveCfg = Debug|Win32
		{D70B77D8-0C42-436D-9BAE-45E9510BC32B}.Debug|x86.Build.0 = Debug|Win32
		{D70B77D8-0C42-436D-9BAE-45E9510BC32B}.Release|x64.ActiveCfg = Release|x64
		{D70B77D8-0C42-436D-9BAE-45E9510BC32B}.Release|x64.Build.0 = Release|x64
		{D70B77D8-0C42-436D-9BAE-45E9510BC32B}.Release|x86.ActiveCfg = Release|Win32
		{D70B77D8-0C42-436D-9BAE-45E9510BC32B}.Release|x86.Build.0 = Release|Win32
		{3EA4FE42-1AAB-4EBA-89C6-A5C14E84DBDA}.Debug|x64.ActiveCfg = Debug|x64
		{3EA4FE42-1AAB-4EBA-89C6-A5C14E84DBDA}.Debug|x64.Build.0 = Debug|x64
		{3EA4FE42-1AAB-4EBA-89C6-A5C14E84DBDA}.Debug|x86.ActiveCfg = Debug|Win32
		{3EA4FE42-1AAB-4EBA-89C6-A5C14E84DBDA}.Debug|x86.Build.0 = Debug|Win32
		{3EA4FE42-1AAB-4EBA-89C6-A5C14E84DBDA}.Release|x64.ActiveCfg = Release|x64
		{3EA4FE42-1AAB-4EBA-89C6-A5C14E84DBDA}.Release|x64.Build.0 = Release|x64
		{3EA4FE42-1AAB-4EBA-89C6-A5C14E84DBDA}.Release|x86.ActiveCfg = Release|Win32
		{3EA4FE42-1AAB-4EBA-89C6-A5C14E84DBDA}.Release|x86.Build.0 = Release|Win32
		{4EB41DFA-89BE-4CD1-9FA6-FF96E48D7E2E}.Debug|x64.ActiveCfg = Debug|x64
		{4EB41DFA-89BE-4CD1-9FA6-FF96E48D7E2E}.Debug|x64.Build.0 = Debug|x64
		{4EB41DFA-89BE-4CD1-9FA6-FF96E48D7E2E}.Debug|x86.ActiveCfg = Debug|Win32
		{4EB41DFA-89BE-4CD1-9FA6-FF96E48D7E2E}.Debug|x86.Build.0 = Debug|Win32
		{4EB41DFA-89BE-4CD1-9FA6-FF96E48D7E2E}.Release|x64.ActiveCfg = Release|x64
		{4EB41DFA-89BE-4CD1-9FA6-FF96E48D7E2E}.Release|x64.Build.0 = Release|x64
		{4EB41DFA-89BE-4CD1-9FA6-FF96E48D7E2E}.Release|x86.ActiveCfg = Release|Win32
		{4EB41DFA-89BE-4CD1-9FA6-FF96E48D7E2E}.Release|x86.Build.0 = Release|Win32
		{041FA575-A3BA-4858-9C5A-F3F3573BC17E}.Debug|x64.ActiveCfg = Debug|x64
		{041FA575-A3BA-4858-9C5A-F3F3573BC17E}.Debug|x64.Build.0 = Debug|x64
		{041FA575-A3BA-4858-9C5A-F3F3573BC17E}.Debug|x86.ActiveCfg = Debug|Win32
		{041FA575-A3BA-4858-9C5A-F3F3573BC17E}.Debug|x86.Build.0 = Debug|Win32
		{041FA575-A3BA-4858-9C5A-F3F3573BC17E}.Release|x64.ActiveCfg = Release|x64
		{041FA575-A3BA-4858-9C5A-F3F3573BC17E}.Release|x64.Build.0 = Release|x64
		{041FA575-A3BA-4858-9C5A-F3F3573BC17E}.Release|x86.ActiveCfg = Release|Win32
		{041FA575-A3BA-4858-9C5A-F3F3573BC17E}.Release|x86.Build.0 = Release|Win32
		{290AB38D-DD84-4BC3-A63A-932F3DF7DBC6}.Debug|x64.ActiveCfg = Debug|x64
		{290AB38D-DD84-4BC3-A63A-932F3DF7DBC6}.Debug|x64.Build.0 = Debug|x64
		{290AB38D-DD84-4BC3-A63A-932F3DF7DBC6}.Debug|x86.ActiveCfg = Debug|Win32
		{290AB38D-DD84-4BC3-A63A-932F3DF7DBC6}.Debug|x86.Build.0 = Debug|Win32
		{290AB38D-DD84-4BC3-A63A-932F3DF7DBC6}.Release|x64.ActiveCfg = Release|x64
		{290AB38D-DD84-4BC3-A63A-932F3DF7DBC6}.Release|x64.Build.0 = Release|x64
		{290AB38D-DD84-4BC3-A63A-932F3DF7DBC6}.Release|x86.ActiveCfg = Release|Win32
		{290AB38D-DD84-4BC3-A63A-932F3DF7DBC6}.Release|x86.Build.0 = Release|Win32
		{8264B1A8-7EC0-4CB4-8B55-E6832C96918C}.Debug|x64.ActiveCfg = Debug|x64
		{8264B1A8-7EC0-4CB4-8B55-E6832C96918C}.Debug|x64.Build.0 = Debug|x64
		{8264B1A8-7EC0-4CB4-8B55-E6832C96918C}.Debug|x86.ActiveCfg = Debug|Win32
		{8264B1A8-7EC0-4CB4-8B55-E6832C96918C}.Debug|x86.Build.0 = Debug|Win32
		{8264B1A8-7EC0-4CB4-8B55-E6832C96918C}.Release|x64.ActiveCfg = Release|x64
		{8264B1A8-7EC0-4CB4-8B55-E6832C96918C}.Release|x64.Build.0 = Release|x64
		{8264B1A8-7EC0-4CB4-8B55-E6832C96918C}.Release|x86.ActiveCfg = Release|Win32
		{8264B1A8-7EC0-4CB4-8B55-E6832C96918C}.Release|x86.Build.0 = Release|Win32
		{9DE7DC82-9792-4AEE-8033-12FFEA808B27}.Debug|x64.ActiveCfg = Debug|x64
		{9DE7DC82-9792-4AEE-8033-12FFEA808B27}.Debug|x64.Build.0 = Debug|x64
		{9DE7DC82-9792-4AEE-8033-12FFEA808B27}.Debug|x86.ActiveCfg = Debug|Win32
		{9DE7DC82-9792-4AEE-8033-12FFEA808B27}.Debug|x86.Build.0 = Debug|Win32
		{9DE7DC82-9792-4AEE-8033-12FFEA808B27}.Release|x64.ActiveCfg = Release|x64
		{9DE7DC82-9792-4AEE-8033-12FFEA808B27}.Release|x64.Build.0 = Release|x64
		{9DE7DC82-9792-4AEE-8033-12FFEA808B27}.Release|x86.ActiveCfg = Release|Win32
		{9DE7DC82-9792-4AEE-8033-12FFEA808B27}.Release|x86.Build.0 = Release|Win32
		{2924DB76-A9CC-4116-A41B-5F8D5F966396}.Debug|x64.ActiveCfg = Debug|x64
		{2924DB76-A9CC-4116-A41B-5F8D5F966396}.Debug|x64.Build.0 = Debug|x64
		{2924DB76-A9CC-4116-A41B-5F8D5F966396}.Debug|x86.ActiveCfg = Debug|Win32
		{2924DB76-A9CC-4116-A41B-5F8D5F966396}.Debug|x86.Build.0 = Debug|Win32
		{2924DB76-A9CC-4116-A41B-5F8D5F966396}.Release|x64.ActiveCfg = Release|x64
		{2924DB76-A9CC-4116-A41B-5F8D5F966396}.Release|x64.Build.0 = Release|x64
		{2924DB76-A9CC-4116-A41B-5F8D5F966396}.Release|x86.ActiveCfg = Release|Win32
		{2924DB76-A9CC-4116-A41B-5F8D5F966396}.Release|x86.Build.0 = Release|Win32
		{873AC52E-1C7C-47E0-80E0-E82DA0640E58}.Debug|x64.ActiveCfg = Debug|x64
		{873AC52E-1C7C-47E0-80E0-E82DA0640E58}.Debug|x64.Build.0 = Debug|x64
		{873AC52E-1C7C-47E0-80E0-E82DA0640E58}.Debug|x86.ActiveCfg = Debug|Win32
		{873AC52E-1C7C-47E0-80E0-E82DA0640E58}.Debug|x86.Build.0 = Debug|Win32
		{873AC52E-1C7C-47E0-80E0-E82DA0640E58}.Release|x64.ActiveCfg = Release|x64
		{873AC52E-1C7C-47E0-80E0-E82DA0640E58}.Release|x64.Build.0 = Release|x64
		{873AC52E-1C7C-47E0-80E0-E82DA0640E58}.Release|x86.ActiveCfg = Release|Win32
		{873AC52E-1C7C-47E0-80E0-E82DA0640E58}.Release|x86.Build.0 = Release|Win32
		{E6C52288-F7EB-478C-B541-391127F3DCA9}.Debug|x64.ActiveCfg = Debug|x64
		{E6C52288-F7EB-478C-B541-391127F3DCA9}.Debug|x64.Build.0 = Debug|x64
		{E6C52288-F7EB-478C-B541-391127F3DCA9}.Debug|x86.ActiveCfg = Debug|Win32
		{E6C52288-F7EB-478C-B541-391127F3DCA9}.Debug|x86.Build.0 = Debug|Win32
		{E6C52288-F7EB-478C-B541-391127F3DCA9}.Release|x64.ActiveCfg = Release|x64
		{E6C52288-F7EB-478C-B541-391127F3DCA9}.Release|x64.Build.0 = Release|x64
		{E6C52288-F7EB-478C-B541-391127F3DCA9}.Release|x86.ActiveCfg = Release|Win32
		{E6C52288-F7EB-478C-B541-391127F3DCA9}.Release|x86.Build.0 = Release|Win32
		{1A8CE446-FF79-4ADE-B39A-E81A0749C148}.Debug|x64.ActiveCfg = Debug|x64
		{1A8CE446-FF79-4ADE-B39A-E81A0749C148}.Debug|x64.Build.0 = Debug|x64
		{1A8CE446-FF79-4ADE-B39A-E81A0749C148}.Debug|x86.ActiveCfg = Debug|Win32
		{1A8CE446-FF79-4ADE-B39A-E81A0749C148}.Debug|x86.Build.0 = Debug|Win32
		{1A8CE446-FF79-4ADE-B39A-E81A0749C148}.Release|x64.ActiveCfg = Release|x64
		{1A8CE446-FF79-4ADE-B39A-E81A0749C148}.Release|x64.Build.0 = Release|x64
		{1A8CE446-FF79-4ADE-B39A-E81A0749C148}.Release|x86.ActiveCfg = Release|Win32
		{1A8CE446-FF79-4ADE-B39A-E81A0749C148}.Release|x86.Build.0 = Release|Win32
		{512AF929-A872-497C-95CF-5FBE9BE35C51}.Debug|x64.ActiveCfg = Debug|x64
		{512AF929-A872-497C-95CF-5FBE9BE35C51}.Debug|x64.Build.0 = Debug|x64
		{512AF929-A872-497C-95CF-5FBE9BE35C51}.Debug|x86.ActiveCfg = Debug|Win32
		{512AF929-A872-497C-95CF-5FBE9BE35C51}.Debug|x86.Build.0 = Debug|Win32
		{512AF929-A872-497C-95CF-5FBE9BE35C51}.Release|x64.ActiveCfg = Release|x64
		{512AF929-A872-497C-95CF-5FBE9BE35C51}.Release|x64.Build.0 = Release|x64
		{512AF929-A872-497C-95CF-5FBE9BE35C51}.Release|x86.ActiveCfg = Release|Win32
		{512AF929-A872-497C-95CF-5FBE9BE35C51}.Release|x86.Build.0 = Release|Win32
		{8FE9B024-1020-42F3-83C2-8D11E0753C8B}.Debug|x64.ActiveCfg = Debug|x64
		{8FE9B024-1020-42F3-83C2-8D11E0753C8B}.Debug|x64.Build.0 = Debug|x64
		{8FE9B024-1020-42F3-83C2-8D11E0753C8B}.Debug|x86.ActiveCfg = Debug|Win32
		{8FE9B024-1020-42F3-83C2-8D11E0753C8B}.Debug|x86.Build.0 = Debug|Win32
		{8FE9B024-1020-42F3-83C2-8D11E0753C8B}.Release|x64.ActiveCfg = Release|x64
		{8FE9B024-1020-42F3-83C2-8D11E0753C8B}.Release|x64.Build.0 = Release|x64
		{8FE9B024-1020-42F3-83C2-8D11E0753C8B}.Release|x86.ActiveCfg = Release|Win32
		{8FE9B024-1020-42F3-83C2-8D11E0753C8B}.Release|x86.Build.0 = Release|Win32
		{886969F5-768C-48CC-9FC7-C956B8214946}.Debug|x64.ActiveCfg = Debug|x64
		{886969F5-768C-48CC-9FC7-C956B8214946}.Debug|x64.Build.0 = Debug|x64
		{886969F5-768C-48CC-9FC7-C956B8214946}.Debug|x86.ActiveCfg = Debug|Win32
		{886969F5-768C-48CC-9FC7-C956B8214946}.Debug|x86.Build.0 = Debug|Win32
		{886969F5-768C-48CC-9FC7-C956B8214946}.Release|x64.ActiveCfg = Release|x64
		{886969F5-768C-48CC-9FC7-C956B8214946}.Release|x64.Build.0 = Release|x64
		{886969F5-768C-48CC-9FC7-C956B8214946}.Release|x86.ActiveCfg = Release|Win32
		{886969F5-768C-48CC-9FC7-C956B8214946}.Release|x86.Build.0 = Release|Win32
		{6B32618C-505B-4F29-AF6F-A0D32D0E4CB1}.Debug|x64.ActiveCfg = Debug|x64
		{6B32618C-505B-4F29-AF6F-A0D32D0E4CB1}.Debug|x64.Build.0 = Debug|x64
		{6B32618C-505B-4F29-AF6F-A0D32D0E4CB1}.Debug|x86.ActiveCfg = Debug|Win32
		{6B32618C-505B-4F29-AF6F-A0D32D0E4CB1}.Debug|x86.Build.0 = Debug|Win32
		{6B32618C-505B-4F29-AF6F-A0D32D0E4CB1}.Release|x64.ActiveCfg = Release|x64
		{6B32618C-505B-4F29-AF6F-A0D32D0E4CB1}.Release|x64.Build.0 = Release|x64
		{6B32618C-505B-4F29-AF6F-A0D32D0E4CB1}.Release|x86.ActiveCfg = Release|Win32
		{6B32618C-505B-4F29-AF6F-A0D32D0E4CB1}.Release|x86.Build.0 = Release|Win32
		{8C0905DB-7353-400D-B5C4-797FD2822D38}.Debug|x64.ActiveCfg = Debug|x64
		{8C0905DB-7353-400D-B5C4-797FD2822D38}.Debug|x64.Build.0 = Debug|x64
		{8C0905DB-7353-400D-B5C4-797FD2822D38}.Debug|x86.ActiveCfg = Debug|Win32
		{8C0905DB-7353-400D-B5C4-797FD2822D38}.Debug|x86.Build.0 = Debug|Win32
		{8C0905DB-7353-400D-B5C4-797FD2822D38}.Release|x64.ActiveCfg = Release|x64
		{8C0905DB-7353-400D-B5C4-797FD2822D38}.Release|x64.Build.0 = Release|x64
		{8C0905DB-7353-400D-B5C4-797FD2822D38}.Release|x86.ActiveCfg = Release|Win32
		{8C0905DB-7353-400D-B5C4-797FD2822D38}.Release|x86.Build.0 = Release|Win32
		{699FBDAA-AE2C-45FA-B8DA-B2DE2D76DD3A}.Debug|x64.ActiveCfg = Debug|x64
		{699FBDAA-AE2C-45FA-B8DA-B2DE2D76DD3A}.Debug|x64.Build.0 = Debug|x64
		{699FBDAA-AE2C-45FA-B8DA-B2DE2D76DD3A}.Debug|x86.ActiveCfg = Debug|Win32
		{699FBDAA-AE2C-45FA-B8DA-B2DE2D76DD3A}.Debug|x86.Build.0 = Debug|Win32
		{699FBDAA-AE2C-45FA-B8DA-B2DE2D76DD3A}.Release|x64.ActiveCfg = Release|x64
		{699FBDAA-AE2C-45FA-B8DA-B2DE2D76DD3A}.Release|x64.Build.0 = Release|x64
		{699FBDAA-AE2C-45FA-B8DA-B2DE2D76DD3A}.Release|x86.ActiveCfg = Release|Win32
		{699FBDAA-AE2C-45FA-B8DA-B2DE2D76DD3A}.Release|x86.Build.0 = Release|Win32
		{49A5F9D3-A95D-4F85-B25F-BFE8D48D6F0B}.Debug|x64.ActiveCfg = Debug|x64
		{49A5F9D3-A95D-4F85-B25F-BFE8D48D6F0B}.Debug|x64.Build.0 = Debug|x64
		{49A5F9D3-A95D-4F85-B25F-BFE8D48D6F0B}.Debug|x86.ActiveCfg = Debug|Win32
		{49A5F9D3-A95D-4F85-B25F-BFE8D48D6F0B}.Debug|x86.Build.0 = Debug|Win32
		{49A5F9D3-A95D-4F85-B25F-BFE8D48D6F0B}.Release|x64.ActiveCfg = Release|x64
		{49A5F9D3-A95D-4F85-B25F-BFE8D48D6F0B}.Release|x64.Build.0 = Release|x64
		{49A5F9D3-A95D-4F85-B25F-BFE8D48D6F0B}.Release|x86.ActiveCfg = Release|Win32
		{49A5F9D3-A95D-4F85-B25F-BFE8D48D6F0B}.Release|x86.Build.0 = Release|Win32
		{E76FAB3B-CFAD-4088-A420-6DC8A70CA6DE}.Debug|x64.ActiveCfg = Debug|x64
		{E76FAB3B-CFAD-4088-A420-6DC8A70CA6DE}.Debug|x64.Build.0 = Debug|x64
		{E76FAB3B-CFAD-4088-A420-6DC8A70CA6DE}.Debug|x86.ActiveCfg = Debug|Win32
		{E76FAB3B-CFAD-4088-A420-6DC8A70CA6DE}.Debug|x86.Build.0 = Debug|Win32
		{E76FAB3B-CFAD-4088-A420-6DC8A70CA6DE}.Release|x64.ActiveCfg = Release|x64
		{E76FAB3B-CFAD-4088-A420-6DC8A70CA6DE}.Release|x64.Build.0 = Release|x64
		{E76FAB3B-CFAD-4088-A420-6DC8A70CA6DE}.Release|x86.ActiveCfg = Release|Win32
		{E76FAB3B-CFAD-4088-A420-6DC8A70CA6DE}.Release|x86.Build.0 = Release|Win32
		{13C5CFCD-B89F-456F-95E6-9C026A624ADD}.Debug|x64.ActiveCfg = Debug|x64
		{13C5CFCD-B89F-456F-95E6-9C026A624ADD}.Debug|x64.Build.0 = Debug|x64
		{13C5CFCD-B89F-456F-95E6-9C026A624ADD}.Debug|x86.ActiveCfg = Debug|Win32
		{13C5CFCD-B89F-456F-95E6-9C026A624ADD}.Debug|x86.Build.0 = Debug|Win32
		{13C5CFCD-B89F-456F-95E6-9C026A624ADD}.Release|x64.ActiveCfg = Release|x64
		{13C5CFCD-B89F-456F-95E6-9C026A624ADD}.Release|x64.Build.0 = Release|x64
		{13C5CFCD-B89F-456F-95E6-9C026A624ADD}.Release|x86.ActiveCfg = Release|Win32
		{13C5CFCD-B89F-456F-95E6-9C026A624ADD}.Release|x86.Build.0 = Release|Win32
		{5D656B98-FD82-41DF-A500-6E87D4E806B3}.Debug|x64.ActiveCfg = Debug|x64
		{5D656B98-FD82-41DF-A500-6E87D4E806B3}.Debug|x64.Build.0 = Debug|x64
		{5D656B98-FD82-41DF-A500-6E87D4E806B3}.Debug|x86.ActiveCfg = Debug|Win32
		{5D656B98-FD82-41DF-A500-6E87D4E806B3}.Debug|x86.Build.0 = Debug|Win32
		{5D656B98-FD82-41DF-A500-6E87D4E806B3}.Release|x64.ActiveCfg = Release|x64
		{5D656B98-FD82-41DF-A500-6E87D4E806B3}.Release|x64.Build.0 = Release|x64
		{5D656B98-FD82-41DF-A500-6E87D4E806B3}.Release|x86.ActiveCfg = Release|Win32
		{5D656B98-FD82-41DF-A500-6E87D4E806B3}.Release|x86.Build.0 = Release|Win32
		{3F97EC69-5E3C-4231-B516-5736FE8E66D1}.Debug|x64.ActiveCfg = Debug|x64
		{3F97EC69-5E3C-4231-B516-5736FE8E66D1}.Debug|x64.Build.0 = Debug|x64
		{3F97EC69-5E3C-4231-B516-5736FE8E66D1}.Debug|x86.ActiveCfg = Debug|Win32
		{3F97EC69-5E3C-4231-B516-5736FE8E66D1}.Debug|x86.Build.0 = Debug|Win32
		{3F97EC69-5E3C-4231-B516-5736FE8E66D1}.Release|x64.ActiveCfg = Release|x64
		{3F97EC69-5E3C-4231-B516-5736FE8E66D1}.Release|x64.Build.0 = Release|x64
		{3F97EC69-5E3C-4231-B516-5736FE8E66D1}.Release|x86.ActiveCfg = Release|Win32
		{3F97EC69-5E3C-4231-B516-5736FE8E66D1}.Release|x86.Build.0 = Release|Win32
		{98B56B45-3FBA-413C-B45E-4759708981A4}.Debug|x64.ActiveCfg = Debug|x64
		{98B56B45-3FBA-413C-B45E-4759708981A4}.Debug|x64.Build.0 = Debug|x64
		{98B56B45-3FBA-413C-B45E-4759708981A4}.Debug|x86.ActiveCfg = Debug|Win32
		{98B56B45-3FBA-413C-B45E-4759708981A4}.Debug|x86.Build.0 = Debug|Win32
		{98B56B45-3FBA-413C-B45E-4759708981A4}.Release|x64.ActiveCfg = Release|x64
		{98B56B45-3FBA-413C-B45E-4759708981A4}.Release|x64.Build.0 = Release|x64
		{98B56B45-3FBA-413C-B45E-4759708981A4}.Release|x86.ActiveCfg = Release|Win32
		{98B56B45-3FBA-413C-B45E-4759708981A4}.Release|x86.Build.0 = Release|Win32
		{F8BE315E-2A88-45B1-88B8-9CF777B37E1F}.Debug|x64.ActiveCfg = Debug|x64
		{F8BE315E-2A88-45B1-88B8-9CF777B37E1F}.Debug|x64.Build.0 = Debug|x64
		{F8BE315E-2A88-45B1-88B8-9CF777B37E1F}.Debug|x86.ActiveCfg = Debug|Win32
		{F8BE315E-2A88-45B1-88B8-9CF777B37E1F}.Debug|x86.Build.0 = Debug|Win32
		{F8BE315E-2A88-45B1-88B8-9CF777B37E1F}.Release|x64.ActiveCfg = Release|x64
		{F8BE315E-2A88-45B1-88B8-9CF777B37E1F}.Release|x64.Build.0 = Release|x64
		{F8BE315E-2A88-45B1-88B8-9CF777B37E1F}.Release|x86.ActiveCfg = Release|Win32
		{F8BE315E-2A88-45B1-88B8-9CF777B37E1F}.Release|x86.Build.0 = Release|Win32
		{ED7D4862-90BC-4407-B449-5D541DDE3E82}.Debug|x64.ActiveCfg = Debug|x64
		{ED7D4862-90BC-4407-B449-5D541DDE3E82}.Debug|x64.Build.0 = Debug|x64
		{ED7D4862-90BC-4407-B449-5D541DDE3E82}.Debug|x86.ActiveCfg = Debug|Win32
		{ED7D4862-90BC-4407-B449-5D541DDE3E82}.Debug|x86.Build.0 = Debug|Win32
		{ED7D4862-90BC-4407-B449-5D541DDE3E82}.Release|x64.ActiveCfg = Release|x64
		{ED7D4862-90BC-4407-B449-5D541DDE3E82}.Release|x64.Build.0 = Release|x64
		{ED7D4862-90BC-4407-B449-5D541DDE3E82}.Release|x86.ActiveCfg = Release|Win32
		{ED7D4862-90BC-4407-B449-5D541DDE3E82}.Release|x86.Build.0 = Release|Win32
	EndGlobalSection
	GlobalSection(SolutionProperties) = preSolution
		HideSolutionNode = FALSE
	EndGlobalSection
	GlobalSection(NestedProjects) = preSolution
		{2BC5861C-DC7F-4385-902A-018AC1E99F6C} = {F8EE0917-C671-4645-85EC-D850A8BC6FCF}
		{922C15A5-1209-483E-810E-6CC9C491A22B} = {F8EE0917-C671-4645-85EC-D850A8BC6FCF}
		{BA1E982F-5935-4EA3-AFF7-CFA75455DBF9} = {F8EE0917-C671-4645-85EC-D850A8BC6FCF}
		{372072F9-5FBA-4C66-BA31-7C149C71D131} = {F8EE0917-C671-4645-85EC-D850A8BC6FCF}
		{1A893783-86CF-44C9-AC64-8DB109AC50EB} = {F8EE0917-C671-4645-85EC-D850A8BC6FCF}
		{90DDE45C-931C-4956-AD2C-B40AD5360701} = {F8EE0917-C671-4645-85EC-D850A8BC6FCF}
		{C5D79291-FD8E-41EC-972F-39E99AE6F11D} = {F8EE0917-C671-4645-85EC-D850A8BC6FCF}
		{20747CE3-E14A-4369-B9D5-F1EAEB95A34E} = {F8EE0917-C671-4645-85EC-D850A8BC6FCF}
		{F60C29E5-8D3E-4509-B8CC-B6BA0E159AB2} = {86255815-BD94-4168-838C-0EF562D02837}
		{3BCA713B-4CDB-421D-AF6C-848D29475DDB} = {F8EE0917-C671-4645-85EC-D850A8BC6FCF}
		{6E1C32D0-6FED-4ADF-AAFA-3DD33B7EBAEA} = {F8EE0917-C671-4645-85EC-D850A8BC6FCF}
		{1FDD9B76-3410-42F7-9D93-069503A049E3} = {F8EE0917-C671-4645-85EC-D850A8BC6FCF}
		{4A76D1EC-2749-4EE2-AF86-3E624946F6E3} = {F8EE0917-C671-4645-85EC-D850A8BC6FCF}
		{608296BA-B3CC-408E-A45F-ECFF8AA3454A} = {F8EE0917-C671-4645-85EC-D850A8BC6FCF}
		{4C4B2BB1-05AF-427E-8000-7097BFB2CD80} = {F8EE0917-C671-4645-85EC-D850A8BC6FCF}
		{B5FE5B55-51BD-4B00-9CDA-259BAB1AC692} = {F8EE0917-C671-4645-85EC-D850A8BC6FCF}
		{4D91E6B4-8EE5-4224-A51C-426B684BEB0B} = {F8EE0917-C671-4645-85EC-D850A8BC6FCF}
		{098BF8B2-6B0C-4119-A67E-E09A0D0469AA} = {F8EE0917-C671-4645-85EC-D850A8BC6FCF}
		{52764BE5-0093-4E73-B15A-2FAD868FD0D3} = {F8EE0917-C671-4645-85EC-D850A8BC6FCF}
		{A4F5BDF2-F238-42D4-A6F5-C4D017B202A2} = {F8EE0917-C671-4645-85EC-D850A8BC6FCF}
		{3B1DAD6D-AF73-438E-B150-961114169BBB} = {F8EE0917-C671-4645-85EC-D850A8BC6FCF}
		{3D0EF94D-7DDA-4E54-B8D7-D888BA49E8C2} = {F8EE0917-C671-4645-85EC-D850A8BC6FCF}
		{B9A11F77-9F7D-4B47-B710-D1D559703845} = {F8EE0917-C671-4645-85EC-D850A8BC6FCF}
		{BFCB883E-CA70-49E1-9CA9-1B167A62BEE3} = {F8EE0917-C671-4645-85EC-D850A8BC6FCF}
		{A52A8B2D-8022-446A-87FC-B3AA7D32491A} = {F8EE0917-C671-4645-85EC-D850A8BC6FCF}
		{9F3582B2-89D4-499D-8F45-E5D0B2E1BCFA} = {F8EE0917-C671-4645-85EC-D850A8BC6FCF}
		{E897AEB3-3E4F-44D0-B3EA-64D332425F28} = {F8EE0917-C671-4645-85EC-D850A8BC6FCF}
		{61E2AB34-F91A-47C1-8F8E-9BD29F957184} = {F8EE0917-C671-4645-85EC-D850A8BC6FCF}
		{830D9F63-8847-446E-BBF8-BF03B9041B05} = {F8EE0917-C671-4645-85EC-D850A8BC6FCF}
		{344945CC-7B26-44CE-AD2C-A58447E68129} = {F8EE0917-C671-4645-85EC-D850A8BC6FCF}
		{3105AAB9-C8DF-40A7-91A6-86126226896A} = {F8EE0917-C671-4645-85EC-D850A8BC6FCF}
		{0C57B453-992D-40F3-9C11-4263E0E92BE7} = {F8EE0917-C671-4645-85EC-D850A8BC6FCF}
		{1D99236F-21CC-454F-B9E5-118B87360386} = {F8EE0917-C671-4645-85EC-D850A8BC6FCF}
		{30BC105A-FA8F-44E2-B8DE-7B32505CC9EA} = {F8EE0917-C671-4645-85EC-D850A8BC6FCF}
		{ABC3A58A-F5B0-47A6-8BEA-525AFE1823DB} = {F8EE0917-C671-4645-85EC-D850A8BC6FCF}
		{D70B77D8-0C42-436D-9BAE-45E9510BC32B} = {F8EE0917-C671-4645-85EC-D850A8BC6FCF}
		{3EA4FE42-1AAB-4EBA-89C6-A5C14E84DBDA} = {F8EE0917-C671-4645-85EC-D850A8BC6FCF}
		{4EB41DFA-89BE-4CD1-9FA6-FF96E48D7E2E} = {F8EE0917-C671-4645-85EC-D850A8BC6FCF}
		{041FA575-A3BA-4858-9C5A-F3F3573BC17E} = {F8EE0917-C671-4645-85EC-D850A8BC6FCF}
		{290AB38D-DD84-4BC3-A63A-932F3DF7DBC6} = {F8EE0917-C671-4645-85EC-D850A8BC6FCF}
		{8264B1A8-7EC0-4CB4-8B55-E6832C96918C} = {F8EE0917-C671-4645-85EC-D850A8BC6FCF}
		{9DE7DC82-9792-4AEE-8033-12FFEA808B27} = {F8EE0917-C671-4645-85EC-D850A8BC6FCF}
		{2924DB76-A9CC-4116-A41B-5F8D5F966396} = {F8EE0917-C671-4645-85EC-D850A8BC6FCF}
		{873AC52E-1C7C-47E0-80E0-E82DA0640E58} = {86255815-BD94-4168-838C-0EF562D02837}
		{E6C52288-F7EB-478C-B541-391127F3DCA9} = {86255815-BD94-4168-838C-0EF562D02837}
		{1A8CE446-FF79-4ADE-B39A-E81A0749C148} = {86255815-BD94-4168-838C-0EF562D02837}
		{512AF929-A872-497C-95CF-5FBE9BE35C51} = {86255815-BD94-4168-838C-0EF562D02837}
		{8FE9B024-1020-42F3-83C2-8D11E0753C8B} = {86255815-BD94-4168-838C-0EF562D02837}
		{886969F5-768C-48CC-9FC7-C956B8214946} = {86255815-BD94-4168-838C-0EF562D02837}
		{6B32618C-505B-4F29-AF6F-A0D32D0E4CB1} = {86255815-BD94-4168-838C-0EF562D02837}
		{8C0905DB-7353-400D-B5C4-797FD2822D38} = {86255815-BD94-4168-838C-0EF562D02837}
		{699FBDAA-AE2C-45FA-B8DA-B2DE2D76DD3A} = {86255815-BD94-4168-838C-0EF562D02837}
		{49A5F9D3-A95D-4F85-B25F-BFE8D48D6F0B} = {86255815-BD94-4168-838C-0EF562D02837}
		{E76FAB3B-CFAD-4088-A420-6DC8A70CA6DE} = {86255815-BD94-4168-838C-0EF562D02837}
		{13C5CFCD-B89F-456F-95E6-9C026A624ADD} = {86255815-BD94-4168-838C-0EF562D02837}
		{5D656B98-FD82-41DF-A500-6E87D4E806B3} = {F8EE0917-C671-4645-85EC-D850A8BC6FCF}
		{3F97EC69-5E3C-4231-B516-5736FE8E66D1} = {86255815-BD94-4168-838C-0EF562D02837}
		{98B56B45-3FBA-413C-B45E-4759708981A4} = {86255815-BD94-4168-838C-0EF562D02837}
		{F8BE315E-2A88-45B1-88B8-9CF777B37E1F} = {86255815-BD94-4168-838C-0EF562D02837}
		{ED7D4862-90BC-4407-B449-5D541DDE3E82} = {D8F5CD29-BA54-4C7F-8C68-97E4A6400AD4}
	EndGlobalSection
	GlobalSection(ExtensibilityGlobals) = postSolution
		SolutionGuid = {27B14E92-1CB2-4C47-96CE-313619EE99D5}
	EndGlobalSection
EndGlobal
